
Microsoft Visual Studio Solution File, Format Version 12.00
# Visual Studio Version 16
VisualStudioVersion = 16.0.31005.135
MinimumVisualStudioVersion = 10.0.40219.1
Project("{FAE04EC0-301F-11D3-BF4B-00C04F79EFBC}") = "AppPrueba", "AppPrueba\AppPrueba.csproj", "{38F4786D-0F5B-4B33-943A-88B47B373C43}"
EndProject
Global
	GlobalSection(SolutionConfigurationPlatforms) = preSolution
		Debug|Any CPU = Debug|Any CPU
		Release|Any CPU = Release|Any CPU
	EndGlobalSection
	GlobalSection(ProjectConfigurationPlatforms) = postSolution
		{38F4786D-0F5B-4B33-943A-88B47B373C43}.Debug|Any CPU.ActiveCfg = Debug|Any CPU
		{38F4786D-0F5B-4B33-943A-88B47B373C43}.Debug|Any CPU.Build.0 = Debug|Any CPU
		{38F4786D-0F5B-4B33-943A-88B47B373C43}.Release|Any CPU.ActiveCfg = Release|Any CPU
		{38F4786D-0F5B-4B33-943A-88B47B373C43}.Release|Any CPU.Build.0 = Release|Any CPU
	EndGlobalSection
	GlobalSection(SolutionProperties) = preSolution
		HideSolutionNode = FALSE
	EndGlobalSection
	GlobalSection(ExtensibilityGlobals) = postSolution
		SolutionGuid = {A98EB6E2-BD9B-4A78-A24F-0F29D6926164}
	EndGlobalSection
EndGlobal
